// !$*UTF8*$!
{
	archiveVersion = 1;
	classes = {
	};
	objectVersion = 50;
	objects = {

/* Begin PBXBuildFile section */
		D47D973021F9BF150067B7E1 /* AppDelegate.swift in Sources */ = {isa = PBXBuildFile; fileRef = D47D972F21F9BF150067B7E1 /* AppDelegate.swift */; };
		D47D973221F9BF150067B7E1 /* ViewController.swift in Sources */ = {isa = PBXBuildFile; fileRef = D47D973121F9BF150067B7E1 /* ViewController.swift */; };
		D47D973521F9BF150067B7E1 /* Main.storyboard in Resources */ = {isa = PBXBuildFile; fileRef = D47D973321F9BF150067B7E1 /* Main.storyboard */; };
		D47D973721F9BF180067B7E1 /* Assets.xcassets in Resources */ = {isa = PBXBuildFile; fileRef = D47D973621F9BF180067B7E1 /* Assets.xcassets */; };
		D47D973A21F9BF180067B7E1 /* LaunchScreen.storyboard in Resources */ = {isa = PBXBuildFile; fileRef = D47D973821F9BF180067B7E1 /* LaunchScreen.storyboard */; };
		D47D974521F9BF180067B7E1 /* swiftPlaneTests.swift in Sources */ = {isa = PBXBuildFile; fileRef = D47D974421F9BF180067B7E1 /* swiftPlaneTests.swift */; };
		D47D975D21F9CF500067B7E1 /* zidan1.png in Resources */ = {isa = PBXBuildFile; fileRef = D47D974F21F9CF4E0067B7E1 /* zidan1.png */; };
		D47D975E21F9CF500067B7E1 /* diji.png in Resources */ = {isa = PBXBuildFile; fileRef = D47D975021F9CF4E0067B7E1 /* diji.png */; };
		D47D975F21F9CF500067B7E1 /* stop.png in Resources */ = {isa = PBXBuildFile; fileRef = D47D975121F9CF4E0067B7E1 /* stop.png */; };
		D47D976021F9CF500067B7E1 /* bz2.png in Resources */ = {isa = PBXBuildFile; fileRef = D47D975221F9CF4F0067B7E1 /* bz2.png */; };
		D47D976121F9CF500067B7E1 /* bz3.png in Resources */ = {isa = PBXBuildFile; fileRef = D47D975321F9CF4F0067B7E1 /* bz3.png */; };
		D47D976221F9CF500067B7E1 /* zidan.png in Resources */ = {isa = PBXBuildFile; fileRef = D47D975421F9CF4F0067B7E1 /* zidan.png */; };
		D47D976321F9CF500067B7E1 /* bz1.png in Resources */ = {isa = PBXBuildFile; fileRef = D47D975521F9CF4F0067B7E1 /* bz1.png */; };
		D47D976421F9CF500067B7E1 /* zidan2.png in Resources */ = {isa = PBXBuildFile; fileRef = D47D975621F9CF4F0067B7E1 /* zidan2.png */; };
		D47D976521F9CF500067B7E1 /* start.png in Resources */ = {isa = PBXBuildFile; fileRef = D47D975721F9CF4F0067B7E1 /* start.png */; };
		D47D976621F9CF500067B7E1 /* bz4.png in Resources */ = {isa = PBXBuildFile; fileRef = D47D975821F9CF500067B7E1 /* bz4.png */; };
		D47D976721F9CF500067B7E1 /* plane1.png in Resources */ = {isa = PBXBuildFile; fileRef = D47D975921F9CF500067B7E1 /* plane1.png */; };
		D47D976821F9CF500067B7E1 /* bg.png in Resources */ = {isa = PBXBuildFile; fileRef = D47D975A21F9CF500067B7E1 /* bg.png */; };
		D47D976921F9CF500067B7E1 /* bz5.png in Resources */ = {isa = PBXBuildFile; fileRef = D47D975B21F9CF500067B7E1 /* bz5.png */; };
		D47D976A21F9CF500067B7E1 /* plane2.png in Resources */ = {isa = PBXBuildFile; fileRef = D47D975C21F9CF500067B7E1 /* plane2.png */; };
		D486287222012E72009BD7D8 /* dijiView.swift in Sources */ = {isa = PBXBuildFile; fileRef = D486287122012E72009BD7D8 /* dijiView.swift */; };
/* End PBXBuildFile section */

/* Begin PBXContainerItemProxy section */
		D47D974121F9BF180067B7E1 /* PBXContainerItemProxy */ = {
			isa = PBXContainerItemProxy;
			containerPortal = D47D972421F9BF150067B7E1 /* Project object */;
			proxyType = 1;
			remoteGlobalIDString = D47D972B21F9BF150067B7E1;
			remoteInfo = swiftPlane;
		};
/* End PBXContainerItemProxy section */

/* Begin PBXFileReference section */
		D47D972C21F9BF150067B7E1 /* swiftPlane.app */ = {isa = PBXFileReference; explicitFileType = wrapper.application; includeInIndex = 0; path = swiftPlane.app; sourceTree = BUILT_PRODUCTS_DIR; };
		D47D972F21F9BF150067B7E1 /* AppDelegate.swift */ = {isa = PBXFileReference; lastKnownFileType = sourcecode.swift; path = AppDelegate.swift; sourceTree = "<group>"; };
		D47D973121F9BF150067B7E1 /* ViewController.swift */ = {isa = PBXFileReference; lastKnownFileType = sourcecode.swift; path = ViewController.swift; sourceTree = "<group>"; };
		D47D973421F9BF150067B7E1 /* Base */ = {isa = PBXFileReference; lastKnownFileType = file.storyboard; name = Base; path = Base.lproj/Main.storyboard; sourceTree = "<group>"; };
		D47D973621F9BF180067B7E1 /* Assets.xcassets */ = {isa = PBXFileReference; lastKnownFileType = folder.assetcatalog; path = Assets.xcassets; sourceTree = "<group>"; };
		D47D973921F9BF180067B7E1 /* Base */ = {isa = PBXFileReference; lastKnownFileType = file.storyboard; name = Base; path = Base.lproj/LaunchScreen.storyboard; sourceTree = "<group>"; };
		D47D973B21F9BF180067B7E1 /* Info.plist */ = {isa = PBXFileReference; lastKnownFileType = text.plist.xml; path = Info.plist; sourceTree = "<group>"; };
		D47D974021F9BF180067B7E1 /* swiftPlaneTests.xctest */ = {isa = PBXFileReference; explicitFileType = wrapper.cfbundle; includeInIndex = 0; path = swiftPlaneTests.xctest; sourceTree = BUILT_PRODUCTS_DIR; };
		D47D974421F9BF180067B7E1 /* swiftPlaneTests.swift */ = {isa = PBXFileReference; lastKnownFileType = sourcecode.swift; path = swiftPlaneTests.swift; sourceTree = "<group>"; };
		D47D974621F9BF180067B7E1 /* Info.plist */ = {isa = PBXFileReference; lastKnownFileType = text.plist.xml; path = Info.plist; sourceTree = "<group>"; };
		D47D974F21F9CF4E0067B7E1 /* zidan1.png */ = {isa = PBXFileReference; lastKnownFileType = image.png; path = zidan1.png; sourceTree = "<group>"; };
		D47D975021F9CF4E0067B7E1 /* diji.png */ = {isa = PBXFileReference; lastKnownFileType = image.png; path = diji.png; sourceTree = "<group>"; };
		D47D975121F9CF4E0067B7E1 /* stop.png */ = {isa = PBXFileReference; lastKnownFileType = image.png; path = stop.png; sourceTree = "<group>"; };
		D47D975221F9CF4F0067B7E1 /* bz2.png */ = {isa = PBXFileReference; lastKnownFileType = image.png; path = bz2.png; sourceTree = "<group>"; };
		D47D975321F9CF4F0067B7E1 /* bz3.png */ = {isa = PBXFileReference; lastKnownFileType = image.png; path = bz3.png; sourceTree = "<group>"; };
		D47D975421F9CF4F0067B7E1 /* zidan.png */ = {isa = PBXFileReference; lastKnownFileType = image.png; path = zidan.png; sourceTree = "<group>"; };
		D47D975521F9CF4F0067B7E1 /* bz1.png */ = {isa = PBXFileReference; lastKnownFileType = image.png; path = bz1.png; sourceTree = "<group>"; };
		D47D975621F9CF4F0067B7E1 /* zidan2.png */ = {isa = PBXFileReference; lastKnownFileType = image.png; path = zidan2.png; sourceTree = "<group>"; };
		D47D975721F9CF4F0067B7E1 /* start.png */ = {isa = PBXFileReference; lastKnownFileType = image.png; path = start.png; sourceTree = "<group>"; };
		D47D975821F9CF500067B7E1 /* bz4.png */ = {isa = PBXFileReference; lastKnownFileType = image.png; path = bz4.png; sourceTree = "<group>"; };
		D47D975921F9CF500067B7E1 /* plane1.png */ = {isa = PBXFileReference; lastKnownFileType = image.png; path = plane1.png; sourceTree = "<group>"; };
		D47D975A21F9CF500067B7E1 /* bg.png */ = {isa = PBXFileReference; lastKnownFileType = image.png; path = bg.png; sourceTree = "<group>"; };
		D47D975B21F9CF500067B7E1 /* bz5.png */ = {isa = PBXFileReference; lastKnownFileType = image.png; path = bz5.png; sourceTree = "<group>"; };
		D47D975C21F9CF500067B7E1 /* plane2.png */ = {isa = PBXFileReference; lastKnownFileType = image.png; path = plane2.png; sourceTree = "<group>"; };
		D486287122012E72009BD7D8 /* dijiView.swift */ = {isa = PBXFileReference; lastKnownFileType = sourcecode.swift; path = dijiView.swift; sourceTree = "<group>"; };
/* End PBXFileReference section */

/* Begin PBXFrameworksBuildPhase section */
		D47D972921F9BF150067B7E1 /* Frameworks */ = {
			isa = PBXFrameworksBuildPhase;
			buildActionMask = 2147483647;
			files = (
			);
			runOnlyForDeploymentPostprocessing = 0;
		};
		D47D973D21F9BF180067B7E1 /* Frameworks */ = {
			isa = PBXFrameworksBuildPhase;
			buildActionMask = 2147483647;
			files = (
			);
			runOnlyForDeploymentPostprocessing = 0;
		};
/* End PBXFrameworksBuildPhase section */

/* Begin PBXGroup section */
		D47D972321F9BF150067B7E1 = {
			isa = PBXGroup;
			children = (
				D47D972E21F9BF150067B7E1 /* swiftPlane */,
				D47D974321F9BF180067B7E1 /* swiftPlaneTests */,
				D47D972D21F9BF150067B7E1 /* Products */,
			);
			sourceTree = "<group>";
		};
		D47D972D21F9BF150067B7E1 /* Products */ = {
			isa = PBXGroup;
			children = (
				D47D972C21F9BF150067B7E1 /* swiftPlane.app */,
				D47D974021F9BF180067B7E1 /* swiftPlaneTests.xctest */,
			);
			name = Products;
			sourceTree = "<group>";
		};
		D47D972E21F9BF150067B7E1 /* swiftPlane */ = {
			isa = PBXGroup;
			children = (
				D47D972F21F9BF150067B7E1 /* AppDelegate.swift */,
				D47D973121F9BF150067B7E1 /* ViewController.swift */,
				D486287122012E72009BD7D8 /* dijiView.swift */,
				D47D975A21F9CF500067B7E1 /* bg.png */,
				D47D975521F9CF4F0067B7E1 /* bz1.png */,
				D47D975221F9CF4F0067B7E1 /* bz2.png */,
				D47D975321F9CF4F0067B7E1 /* bz3.png */,
				D47D975821F9CF500067B7E1 /* bz4.png */,
				D47D975B21F9CF500067B7E1 /* bz5.png */,
				D47D975021F9CF4E0067B7E1 /* diji.png */,
				D47D975921F9CF500067B7E1 /* plane1.png */,
				D47D975C21F9CF500067B7E1 /* plane2.png */,
				D47D975721F9CF4F0067B7E1 /* start.png */,
				D47D975121F9CF4E0067B7E1 /* stop.png */,
				D47D975421F9CF4F0067B7E1 /* zidan.png */,
				D47D974F21F9CF4E0067B7E1 /* zidan1.png */,
				D47D975621F9CF4F0067B7E1 /* zidan2.png */,
				D47D973321F9BF150067B7E1 /* Main.storyboard */,
				D47D973621F9BF180067B7E1 /* Assets.xcassets */,
				D47D973821F9BF180067B7E1 /* LaunchScreen.storyboard */,
				D47D973B21F9BF180067B7E1 /* Info.plist */,
			);
			path = swiftPlane;
			sourceTree = "<group>";
		};
		D47D974321F9BF180067B7E1 /* swiftPlaneTests */ = {
			isa = PBXGroup;
			children = (
				D47D974421F9BF180067B7E1 /* swiftPlaneTests.swift */,
				D47D974621F9BF180067B7E1 /* Info.plist */,
			);
			path = swiftPlaneTests;
			sourceTree = "<group>";
		};
/* End PBXGroup section */

/* Begin PBXNativeTarget section */
		D47D972B21F9BF150067B7E1 /* swiftPlane */ = {
			isa = PBXNativeTarget;
			buildConfigurationList = D47D974921F9BF180067B7E1 /* Build configuration list for PBXNativeTarget "swiftPlane" */;
			buildPhases = (
				D47D972821F9BF150067B7E1 /* Sources */,
				D47D972921F9BF150067B7E1 /* Frameworks */,
				D47D972A21F9BF150067B7E1 /* Resources */,
			);
			buildRules = (
			);
			dependencies = (
			);
			name = swiftPlane;
			productName = swiftPlane;
			productReference = D47D972C21F9BF150067B7E1 /* swiftPlane.app */;
			productType = "com.apple.product-type.application";
		};
		D47D973F21F9BF180067B7E1 /* swiftPlaneTests */ = {
			isa = PBXNativeTarget;
			buildConfigurationList = D47D974C21F9BF180067B7E1 /* Build configuration list for PBXNativeTarget "swiftPlaneTests" */;
			buildPhases = (
				D47D973C21F9BF180067B7E1 /* Sources */,
				D47D973D21F9BF180067B7E1 /* Frameworks */,
				D47D973E21F9BF180067B7E1 /* Resources */,
			);
			buildRules = (
			);
			dependencies = (
				D47D974221F9BF180067B7E1 /* PBXTargetDependency */,
			);
			name = swiftPlaneTests;
			productName = swiftPlaneTests;
			productReference = D47D974021F9BF180067B7E1 /* swiftPlaneTests.xctest */;
			productType = "com.apple.product-type.bundle.unit-test";
		};
/* End PBXNativeTarget section */

/* Begin PBXProject section */
		D47D972421F9BF150067B7E1 /* Project object */ = {
			isa = PBXProject;
			attributes = {
				LastSwiftUpdateCheck = 1010;
				LastUpgradeCheck = 1010;
				ORGANIZATIONNAME = "张智华";
				TargetAttributes = {
					D47D972B21F9BF150067B7E1 = {
						CreatedOnToolsVersion = 10.1;
					};
					D47D973F21F9BF180067B7E1 = {
						CreatedOnToolsVersion = 10.1;
						TestTargetID = D47D972B21F9BF150067B7E1;
					};
				};
			};
			buildConfigurationList = D47D972721F9BF150067B7E1 /* Build configuration list for PBXProject "swiftPlane" */;
			compatibilityVersion = "Xcode 9.3";
			developmentRegion = en;
			hasScannedForEncodings = 0;
			knownRegions = (
				en,
				Base,
			);
			mainGroup = D47D972321F9BF150067B7E1;
			productRefGroup = D47D972D21F9BF150067B7E1 /* Products */;
			projectDirPath = "";
			projectRoot = "";
			targets = (
				D47D972B21F9BF150067B7E1 /* swiftPlane */,
				D47D973F21F9BF180067B7E1 /* swiftPlaneTests */,
			);
		};
/* End PBXProject section */

/* Begin PBXResourcesBuildPhase section */
		D47D972A21F9BF150067B7E1 /* Resources */ = {
			isa = PBXResourcesBuildPhase;
			buildActionMask = 2147483647;
			files = (
				D47D976721F9CF500067B7E1 /* plane1.png in Resources */,
				D47D975D21F9CF500067B7E1 /* zidan1.png in Resources */,
				D47D976321F9CF500067B7E1 /* bz1.png in Resources */,
				D47D976621F9CF500067B7E1 /* bz4.png in Resources */,
				D47D976A21F9CF500067B7E1 /* plane2.png in Resources */,
				D47D976121F9CF500067B7E1 /* bz3.png in Resources */,
				D47D976821F9CF500067B7E1 /* bg.png in Resources */,
				D47D975E21F9CF500067B7E1 /* diji.png in Resources */,
				D47D973A21F9BF180067B7E1 /* LaunchScreen.storyboard in Resources */,
				D47D973721F9BF180067B7E1 /* Assets.xcassets in Resources */,
				D47D973521F9BF150067B7E1 /* Main.storyboard in Resources */,
				D47D975F21F9CF500067B7E1 /* stop.png in Resources */,
				D47D976921F9CF500067B7E1 /* bz5.png in Resources */,
				D47D976221F9CF500067B7E1 /* zidan.png in Resources */,
				D47D976421F9CF500067B7E1 /* zidan2.png in Resources */,
				D47D976521F9CF500067B7E1 /* start.png in Resources */,
				D47D976021F9CF500067B7E1 /* bz2.png in Resources */,
			);
			runOnlyForDeploymentPostprocessing = 0;
		};
		D47D973E21F9BF180067B7E1 /* Resources */ = {
			isa = PBXResourcesBuildPhase;
			buildActionMask = 2147483647;
			files = (
			);
			runOnlyForDeploymentPostprocessing = 0;
		};
/* End PBXResourcesBuildPhase section */

/* Begin PBXSourcesBuildPhase section */
		D47D972821F9BF150067B7E1 /* Sources */ = {
			isa = PBXSourcesBuildPhase;
			buildActionMask = 2147483647;
			files = (
				D47D973221F9BF150067B7E1 /* ViewController.swift in Sources */,
				D486287222012E72009BD7D8 /* dijiView.swift in Sources */,
				D47D973021F9BF150067B7E1 /* AppDelegate.swift in Sources */,
			);
			runOnlyForDeploymentPostprocessing = 0;
		};
		D47D973C21F9BF180067B7E1 /* Sources */ = {
			isa = PBXSourcesBuildPhase;
			buildActionMask = 2147483647;
			files = (
				D47D974521F9BF180067B7E1 /* swiftPlaneTests.swift in Sources */,
			);
			runOnlyForDeploymentPostprocessing = 0;
		};
/* End PBXSourcesBuildPhase section */

/* Begin PBXTargetDependency section */
		D47D974221F9BF180067B7E1 /* PBXTargetDependency */ = {
			isa = PBXTargetDependency;
			target = D47D972B21F9BF150067B7E1 /* swiftPlane */;
			targetProxy = D47D974121F9BF180067B7E1 /* PBXContainerItemProxy */;
		};
/* End PBXTargetDependency section */

/* Begin PBXVariantGroup section */
		D47D973321F9BF150067B7E1 /* Main.storyboard */ = {
			isa = PBXVariantGroup;
			children = (
				D47D973421F9BF150067B7E1 /* Base */,
			);
			name = Main.storyboard;
			sourceTree = "<group>";
		};
		D47D973821F9BF180067B7E1 /* LaunchScreen.storyboard */ = {
			isa = PBXVariantGroup;
			children = (
				D47D973921F9BF180067B7E1 /* Base */,
			);
			name = LaunchScreen.storyboard;
			sourceTree = "<group>";
		};
/* End PBXVariantGroup section */

/* Begin XCBuildConfiguration section */
		D47D974721F9BF180067B7E1 /* Debug */ = {
			isa = XCBuildConfiguration;
			buildSettings = {
				ALWAYS_SEARCH_USER_PATHS = NO;
				CLANG_ANALYZER_NONNULL = YES;
				CLANG_ANALYZER_NUMBER_OBJECT_CONVERSION = YES_AGGRESSIVE;
				CLANG_CXX_LANGUAGE_STANDARD = "gnu++14";
				CLANG_CXX_LIBRARY = "libc++";
				CLANG_ENABLE_MODULES = YES;
				CLANG_ENABLE_OBJC_ARC = YES;
				CLANG_ENABLE_OBJC_WEAK = YES;
				CLANG_WARN_BLOCK_CAPTURE_AUTORELEASING = YES;
				CLANG_WARN_BOOL_CONVERSION = YES;
				CLANG_WARN_COMMA = YES;
				CLANG_WARN_CONSTANT_CONVERSION = YES;
				CLANG_WARN_DEPRECATED_OBJC_IMPLEMENTATIONS = YES;
				CLANG_WARN_DIRECT_OBJC_ISA_USAGE = YES_ERROR;
				CLANG_WARN_DOCUMENTATION_COMMENTS = YES;
				CLANG_WARN_EMPTY_BODY = YES;
				CLANG_WARN_ENUM_CONVERSION = YES;
				CLANG_WARN_INFINITE_RECURSION = YES;
				CLANG_WARN_INT_CONVERSION = YES;
				CLANG_WARN_NON_LITERAL_NULL_CONVERSION = YES;
				CLANG_WARN_OBJC_IMPLICIT_RETAIN_SELF = YES;
				CLANG_WARN_OBJC_LITERAL_CONVERSION = YES;
				CLANG_WARN_OBJC_ROOT_CLASS = YES_ERROR;
				CLANG_WARN_RANGE_LOOP_ANALYSIS = YES;
				CLANG_WARN_STRICT_PROTOTYPES = YES;
				CLANG_WARN_SUSPICIOUS_MOVE = YES;
				CLANG_WARN_UNGUARDED_AVAILABILITY = YES_AGGRESSIVE;
				CLANG_WARN_UNREACHABLE_CODE = YES;
				CLANG_WARN__DUPLICATE_METHOD_MATCH = YES;
				CODE_SIGN_IDENTITY = "iPhone Developer";
				COPY_PHASE_STRIP = NO;
				DEBUG_INFORMATION_FORMAT = dwarf;
				ENABLE_STRICT_OBJC_MSGSEND = YES;
				ENABLE_TESTABILITY = YES;
				GCC_C_LANGUAGE_STANDARD = gnu11;
				GCC_DYNAMIC_NO_PIC = NO;
				GCC_NO_COMMON_BLOCKS = YES;
				GCC_OPTIMIZATION_LEVEL = 0;
				GCC_PREPROCESSOR_DEFINITIONS = (
					"DEBUG=1",
					"$(inherited)",
				);
				GCC_WARN_64_TO_32_BIT_CONVERSION = YES;
				GCC_WARN_ABOUT_RETURN_TYPE = YES_ERROR;
				GCC_WARN_UNDECLARED_SELECTOR = YES;
				GCC_WARN_UNINITIALIZED_AUTOS = YES_AGGRESSIVE;
				GCC_WARN_UNUSED_FUNCTION = YES;
				GCC_WARN_UNUSED_VARIABLE = YES;
				IPHONEOS_DEPLOYMENT_TARGET = 12.1;
				MTL_ENABLE_DEBUG_INFO = INCLUDE_SOURCE;
				MTL_FAST_MATH = YES;
				ONLY_ACTIVE_ARCH = YES;
				SDKROOT = iphoneos;
				SWIFT_ACTIVE_COMPILATION_CONDITIONS = DEBUG;
				SWIFT_OPTIMIZATION_LEVEL = "-Onone";
			};
			name = Debug;
		};
		D47D974821F9BF180067B7E1 /* Release */ = {
			isa = XCBuildConfiguration;
			buildSettings = {
				ALWAYS_SEARCH_USER_PATHS = NO;
				CLANG_ANALYZER_NONNULL = YES;
				CLANG_ANALYZER_NUMBER_OBJECT_CONVERSION = YES_AGGRESSIVE;
				CLANG_CXX_LANGUAGE_STANDARD = "gnu++14";
				CLANG_CXX_LIBRARY = "libc++";
				CLANG_ENABLE_MODULES = YES;
				CLANG_ENABLE_OBJC_ARC = YES;
				CLANG_ENABLE_OBJC_WEAK = YES;
				CLANG_WARN_BLOCK_CAPTURE_AUTORELEASING = YES;
				CLANG_WARN_BOOL_CONVERSION = YES;
				CLANG_WARN_COMMA = YES;
				CLANG_WARN_CONSTANT_CONVERSION = YES;
				CLANG_WARN_DEPRECATED_OBJC_IMPLEMENTATIONS = YES;
				CLANG_WARN_DIRECT_OBJC_ISA_USAGE = YES_ERROR;
				CLANG_WARN_DOCUMENTATION_COMMENTS = YES;
				CLANG_WARN_EMPTY_BODY = YES;
				CLANG_WARN_ENUM_CONVERSION = YES;
				CLANG_WARN_INFINITE_RECURSION = YES;
				CLANG_WARN_INT_CONVERSION = YES;
				CLANG_WARN_NON_LITERAL_NULL_CONVERSION = YES;
				CLANG_WARN_OBJC_IMPLICIT_RETAIN_SELF = YES;
				CLANG_WARN_OBJC_LITERAL_CONVERSION = YES;
				CLANG_WARN_OBJC_ROOT_CLASS = YES_ERROR;
				CLANG_WARN_RANGE_LOOP_ANALYSIS = YES;
				CLANG_WARN_STRICT_PROTOTYPES = YES;
				CLANG_WARN_SUSPICIOUS_MOVE = YES;
				CLANG_WARN_UNGUARDED_AVAILABILITY = YES_AGGRESSIVE;
				CLANG_WARN_UNREACHABLE_CODE = YES;
				CLANG_WARN__DUPLICATE_METHOD_MATCH = YES;
				CODE_SIGN_IDENTITY = "iPhone Developer";
				COPY_PHASE_STRIP = NO;
				DEBUG_INFORMATION_FORMAT = "dwarf-with-dsym";
				ENABLE_NS_ASSERTIONS = NO;
				ENABLE_STRICT_OBJC_MSGSEND = YES;
				GCC_C_LANGUAGE_STANDARD = gnu11;
				GCC_NO_COMMON_BLOCKS = YES;
				GCC_WARN_64_TO_32_BIT_CONVERSION = YES;
				GCC_WARN_ABOUT_RETURN_TYPE = YES_ERROR;
				GCC_WARN_UNDECLARED_SELECTOR = YES;
				GCC_WARN_UNINITIALIZED_AUTOS = YES_AGGRESSIVE;
				GCC_WARN_UNUSED_FUNCTION = YES;
				GCC_WARN_UNUSED_VARIABLE = YES;
				IPHONEOS_DEPLOYMENT_TARGET = 12.1;
				MTL_ENABLE_DEBUG_INFO = NO;
				MTL_FAST_MATH = YES;
				SDKROOT = iphoneos;
				SWIFT_COMPILATION_MODE = wholemodule;
				SWIFT_OPTIMIZATION_LEVEL = "-O";
				VALIDATE_PRODUCT = YES;
			};
			name = Release;
		};
		D47D974A21F9BF180067B7E1 /* Debug */ = {
			isa = XCBuildConfiguration;
			buildSettings = {
				ASSETCATALOG_COMPILER_APPICON_NAME = AppIcon;
				CODE_SIGN_STYLE = Automatic;
				DEVELOPMENT_TEAM = 3HCSUQBR8B;
				INFOPLIST_FILE = swiftPlane/Info.plist;
				IPHONEOS_DEPLOYMENT_TARGET = 9.0;
				LD_RUNPATH_SEARCH_PATHS = (
					"$(inherited)",
					"@executable_path/Frameworks",
				);
				PRODUCT_BUNDLE_IDENTIFIER = com.want.hotkidclub.ceo;
				PRODUCT_NAME = "$(TARGET_NAME)";
				SWIFT_VERSION = 4.2;
				TARGETED_DEVICE_FAMILY = "1,2";
			};
			name = Debug;
		};
		D47D974B21F9BF180067B7E1 /* Release */ = {
			isa = XCBuildConfiguration;
			buildSettings = {
				ASSETCATALOG_COMPILER_APPICON_NAME = AppIcon;
				CODE_SIGN_STYLE = Automatic;
				DEVELOPMENT_TEAM = 3HCSUQBR8B;
				INFOPLIST_FILE = swiftPlane/Info.plist;
				IPHONEOS_DEPLOYMENT_TARGET = 9.0;
				LD_RUNPATH_SEARCH_PATHS = (
					"$(inherited)",
					"@executable_path/Frameworks",
				);
				PRODUCT_BUNDLE_IDENTIFIER = com.want.hotkidclub.ceo;
				PRODUCT_NAME = "$(TARGET_NAME)";
				SWIFT_VERSION = 4.2;
				TARGETED_DEVICE_FAMILY = "1,2";
			};
			name = Release;
		};
		D47D974D21F9BF180067B7E1 /* Debug */ = {
			isa = XCBuildConfiguration;
			buildSettings = {
				ALWAYS_EMBED_SWIFT_STANDARD_LIBRARIES = YES;
				BUNDLE_LOADER = "$(TEST_HOST)";
				CODE_SIGN_STYLE = Automatic;
				DEVELOPMENT_TEAM = HQP7M33CYX;
				INFOPLIST_FILE = swiftPlaneTests/Info.plist;
				LD_RUNPATH_SEARCH_PATHS = (
					"$(inherited)",
					"@executable_path/Frameworks",
					"@loader_path/Frameworks",
				);
				PRODUCT_BUNDLE_IDENTIFIER = Techonology.swiftPlaneTests;
				PRODUCT_NAME = "$(TARGET_NAME)";
				SWIFT_VERSION = 4.2;
				TARGETED_DEVICE_FAMILY = "1,2";
				TEST_HOST = "$(BUILT_PRODUCTS_DIR)/swiftPlane.app/swiftPlane";
			};
			name = Debug;
		};
		D47D974E21F9BF180067B7E1 /* Release */ = {
			isa = XCBuildConfiguration;
			buildSettings = {
				ALWAYS_EMBED_SWIFT_STANDARD_LIBRARIES = YES;
				BUNDLE_LOADER = "$(TEST_HOST)";
				CODE_SIGN_STYLE = Automatic;
				DEVELOPMENT_TEAM = HQP7M33CYX;
				INFOPLIST_FILE = swiftPlaneTests/Info.plist;
				LD_RUNPATH_SEARCH_PATHS = (
					"$(inherited)",
					"@executable_path/Frameworks",
					"@loader_path/Frameworks",
				);
				PRODUCT_BUNDLE_IDENTIFIER = Techonology.swiftPlaneTests;
				PRODUCT_NAME = "$(TARGET_NAME)";
				SWIFT_VERSION = 4.2;
				TARGETED_DEVICE_FAMILY = "1,2";
				TEST_HOST = "$(BUILT_PRODUCTS_DIR)/swiftPlane.app/swiftPlane";
			};
			name = Release;
		};
/* End XCBuildConfiguration section */

/* Begin XCConfigurationList section */
		D47D972721F9BF150067B7E1 /* Build configuration list for PBXProject "swiftPlane" */ = {
			isa = XCConfigurationList;
			buildConfigurations = (
				D47D974721F9BF180067B7E1 /* Debug */,
				D47D974821F9BF180067B7E1 /* Release */,
			);
			defaultConfigurationIsVisible = 0;
			defaultConfigurationName = Release;
		};
		D47D974921F9BF180067B7E1 /* Build configuration list for PBXNativeTarget "swiftPlane" */ = {
			isa = XCConfigurationList;
			buildConfigurations = (
				D47D974A21F9BF180067B7E1 /* Debug */,
				D47D974B21F9BF180067B7E1 /* Release */,
			);
			defaultConfigurationIsVisible = 0;
			defaultConfigurationName = Release;
		};
		D47D974C21F9BF180067B7E1 /* Build configuration list for PBXNativeTarget "swiftPlaneTests" */ = {
			isa = XCConfigurationList;
			buildConfigurations = (
				D47D974D21F9BF180067B7E1 /* Debug */,
				D47D974E21F9BF180067B7E1 /* Release */,
			);
			defaultConfigurationIsVisible = 0;
			defaultConfigurationName = Release;
		};
/* End XCConfigurationList section */
	};
	rootObject = D47D972421F9BF150067B7E1 /* Project object */;
}
